
Microsoft Visual Studio Solution File, Format Version 12.00
# Visual Studio Version 17
VisualStudioVersion = 17.13.36105.23 d17.13
MinimumVisualStudioVersion = 10.0.40219.1
Project("{FAE04EC0-301F-11D3-BF4B-00C04F79EFBC}") = "LibraryPRN", "LibraryPRN.csproj", "{A315BB92-EF46-46FB-BD7F-9B0B906DA385}"
EndProject
Global
	GlobalSection(SolutionConfigurationPlatforms) = preSolution
		Debug|Any CPU = Debug|Any CPU
		Release|Any CPU = Release|Any CPU
	EndGlobalSection
	GlobalSection(ProjectConfigurationPlatforms) = postSolution
		{A315BB92-EF46-46FB-BD7F-9B0B906DA385}.Debug|Any CPU.ActiveCfg = Debug|Any CPU
		{A315BB92-EF46-46FB-BD7F-9B0B906DA385}.Debug|Any CPU.Build.0 = Debug|Any CPU
		{A315BB92-EF46-46FB-BD7F-9B0B906DA385}.Release|Any CPU.ActiveCfg = Release|Any CPU
		{A315BB92-EF46-46FB-BD7F-9B0B906DA385}.Release|Any CPU.Build.0 = Release|Any CPU
	EndGlobalSection
	GlobalSection(SolutionProperties) = preSolution
		HideSolutionNode = FALSE
	EndGlobalSection
	GlobalSection(ExtensibilityGlobals) = postSolution
		SolutionGuid = {BAF09006-6F33-4B26-B167-33E7E2376997}
	EndGlobalSection
EndGlobal
